
Microsoft Visual Studio Solution File, Format Version 12.00
# Visual Studio Version 16
VisualStudioVersion = 16.0.31025.194
MinimumVisualStudioVersion = 10.0.40219.1
Project("{FAE04EC0-301F-11D3-BF4B-00C04F79EFBC}") = "Cars411", "Cars411\Cars411.csproj", "{D01AF13D-1FAF-4AD4-B13D-CA03CBC7E394}"
EndProject
Global
	GlobalSection(SolutionConfigurationPlatforms) = preSolution
		Debug|Any CPU = Debug|Any CPU
		Release|Any CPU = Release|Any CPU
	EndGlobalSection
	GlobalSection(ProjectConfigurationPlatforms) = postSolution
		{D01AF13D-1FAF-4AD4-B13D-CA03CBC7E394}.Debug|Any CPU.ActiveCfg = Debug|Any CPU
		{D01AF13D-1FAF-4AD4-B13D-CA03CBC7E394}.Debug|Any CPU.Build.0 = Debug|Any CPU
		{D01AF13D-1FAF-4AD4-B13D-CA03CBC7E394}.Release|Any CPU.ActiveCfg = Release|Any CPU
		{D01AF13D-1FAF-4AD4-B13D-CA03CBC7E394}.Release|Any CPU.Build.0 = Release|Any CPU
	EndGlobalSection
	GlobalSection(SolutionProperties) = preSolution
		HideSolutionNode = FALSE
	EndGlobalSection
	GlobalSection(ExtensibilityGlobals) = postSolution
		SolutionGuid = {A20626ED-EEC8-4B39-812C-5CC55CD9615C}
	EndGlobalSection
EndGlobal
